
Microsoft Visual Studio Solution File, Format Version 12.00
# Visual Studio 15
VisualStudioVersion = 15.0.27130.2027
MinimumVisualStudioVersion = 10.0.40219.1
Project("{FAE04EC0-301F-11D3-BF4B-00C04F79EFBC}") = "AnomalyDetector", "AnomalyDetector\AnomalyDetector.csproj", "{1B207724-1E16-43B6-9C20-2603C2A6CEA5}"
EndProject
Project("{54435603-DBB4-11D2-8724-00A0C9A8B90C}") = "AnomalySetup", "AnomalySetup\AnomalySetup.vdproj", "{F00985F9-535A-48F4-99C3-D6C8180FBD6F}"
EndProject
Global
	GlobalSection(SolutionConfigurationPlatforms) = preSolution
		Debug|Any CPU = Debug|Any CPU
		Debug|x64 = Debug|x64
		Release|Any CPU = Release|Any CPU
		Release|x64 = Release|x64
	EndGlobalSection
	GlobalSection(ProjectConfigurationPlatforms) = postSolution
		{1B207724-1E16-43B6-9C20-2603C2A6CEA5}.Debug|Any CPU.ActiveCfg = Debug|Any CPU
		{1B207724-1E16-43B6-9C20-2603C2A6CEA5}.Debug|Any CPU.Build.0 = Debug|Any CPU
		{1B207724-1E16-43B6-9C20-2603C2A6CEA5}.Debug|x64.ActiveCfg = Debug|x64
		{1B207724-1E16-43B6-9C20-2603C2A6CEA5}.Debug|x64.Build.0 = Debug|x64
		{1B207724-1E16-43B6-9C20-2603C2A6CEA5}.Release|Any CPU.ActiveCfg = Release|Any CPU
		{1B207724-1E16-43B6-9C20-2603C2A6CEA5}.Release|Any CPU.Build.0 = Release|Any CPU
		{1B207724-1E16-43B6-9C20-2603C2A6CEA5}.Release|x64.ActiveCfg = Release|x64
		{1B207724-1E16-43B6-9C20-2603C2A6CEA5}.Release|x64.Build.0 = Release|x64
		{F00985F9-535A-48F4-99C3-D6C8180FBD6F}.Debug|Any CPU.ActiveCfg = Debug
		{F00985F9-535A-48F4-99C3-D6C8180FBD6F}.Debug|Any CPU.Build.0 = Debug
		{F00985F9-535A-48F4-99C3-D6C8180FBD6F}.Debug|x64.ActiveCfg = Debug
		{F00985F9-535A-48F4-99C3-D6C8180FBD6F}.Debug|x64.Build.0 = Debug
		{F00985F9-535A-48F4-99C3-D6C8180FBD6F}.Release|Any CPU.ActiveCfg = Release
		{F00985F9-535A-48F4-99C3-D6C8180FBD6F}.Release|Any CPU.Build.0 = Release
		{F00985F9-535A-48F4-99C3-D6C8180FBD6F}.Release|x64.ActiveCfg = Release
		{F00985F9-535A-48F4-99C3-D6C8180FBD6F}.Release|x64.Build.0 = Release
	EndGlobalSection
	GlobalSection(SolutionProperties) = preSolution
		HideSolutionNode = FALSE
	EndGlobalSection
	GlobalSection(ExtensibilityGlobals) = postSolution
		SolutionGuid = {E1F15D9F-E894-4973-A80A-F383AD9C0E2B}
	EndGlobalSection
EndGlobal
